
Microsoft Visual Studio Solution File, Format Version 12.00
# Visual Studio Version 17
VisualStudioVersion = 17.14.36915.13 d17.14
MinimumVisualStudioVersion = 10.0.40219.1
Project("{FAE04EC0-301F-11D3-BF4B-00C04F79EFBC}") = "OOPS_Demo", "OOPS_Demo\OOPS_Demo.csproj", "{B3B36F68-2AE5-4EF9-8F7E-A840D9A84497}"
EndProject
Global
	GlobalSection(SolutionConfigurationPlatforms) = preSolution
		Debug|Any CPU = Debug|Any CPU
		Release|Any CPU = Release|Any CPU
	EndGlobalSection
	GlobalSection(ProjectConfigurationPlatforms) = postSolution
		{B3B36F68-2AE5-4EF9-8F7E-A840D9A84497}.Debug|Any CPU.ActiveCfg = Debug|Any CPU
		{B3B36F68-2AE5-4EF9-8F7E-A840D9A84497}.Debug|Any CPU.Build.0 = Debug|Any CPU
		{B3B36F68-2AE5-4EF9-8F7E-A840D9A84497}.Release|Any CPU.ActiveCfg = Release|Any CPU
		{B3B36F68-2AE5-4EF9-8F7E-A840D9A84497}.Release|Any CPU.Build.0 = Release|Any CPU
	EndGlobalSection
	GlobalSection(SolutionProperties) = preSolution
		HideSolutionNode = FALSE
	EndGlobalSection
	GlobalSection(ExtensibilityGlobals) = postSolution
		SolutionGuid = {459253F6-7792-4033-8501-42685E93B156}
	EndGlobalSection
EndGlobal
