
Microsoft Visual Studio Solution File, Format Version 12.00
# Visual Studio Version 17
VisualStudioVersion = 17.14.36930.0 d17.14
MinimumVisualStudioVersion = 10.0.40219.1
Project("{FAE04EC0-301F-11D3-BF4B-00C04F79EFBC}") = "Auth_demo", "Auth_demo\Auth_demo.csproj", "{68322DD5-5E2D-4865-958F-346A3A1A6B1A}"
EndProject
Global
	GlobalSection(SolutionConfigurationPlatforms) = preSolution
		Debug|Any CPU = Debug|Any CPU
		Release|Any CPU = Release|Any CPU
	EndGlobalSection
	GlobalSection(ProjectConfigurationPlatforms) = postSolution
		{68322DD5-5E2D-4865-958F-346A3A1A6B1A}.Debug|Any CPU.ActiveCfg = Debug|Any CPU
		{68322DD5-5E2D-4865-958F-346A3A1A6B1A}.Debug|Any CPU.Build.0 = Debug|Any CPU
		{68322DD5-5E2D-4865-958F-346A3A1A6B1A}.Release|Any CPU.ActiveCfg = Release|Any CPU
		{68322DD5-5E2D-4865-958F-346A3A1A6B1A}.Release|Any CPU.Build.0 = Release|Any CPU
	EndGlobalSection
	GlobalSection(SolutionProperties) = preSolution
		HideSolutionNode = FALSE
	EndGlobalSection
	GlobalSection(ExtensibilityGlobals) = postSolution
		SolutionGuid = {14D97479-52CE-473F-8975-51EFABFCB796}
	EndGlobalSection
EndGlobal
